
Microsoft Visual Studio Solution File, Format Version 12.00
# Visual Studio Version 17
VisualStudioVersion = 17.7.34221.43
MinimumVisualStudioVersion = 10.0.40219.1
Project("{FAE04EC0-301F-11D3-BF4B-00C04F79EFBC}") = "ШалаевИльяАлексеевич_2", "ШалаевИльяАлексеевич_2\ШалаевИльяАлексеевич_2.csproj", "{2AE545A6-3B80-4F68-9E13-E8D6EACFE61C}"
EndProject
Global
	GlobalSection(SolutionConfigurationPlatforms) = preSolution
		Debug|Any CPU = Debug|Any CPU
		Release|Any CPU = Release|Any CPU
	EndGlobalSection
	GlobalSection(ProjectConfigurationPlatforms) = postSolution
		{2AE545A6-3B80-4F68-9E13-E8D6EACFE61C}.Debug|Any CPU.ActiveCfg = Debug|Any CPU
		{2AE545A6-3B80-4F68-9E13-E8D6EACFE61C}.Debug|Any CPU.Build.0 = Debug|Any CPU
		{2AE545A6-3B80-4F68-9E13-E8D6EACFE61C}.Release|Any CPU.ActiveCfg = Release|Any CPU
		{2AE545A6-3B80-4F68-9E13-E8D6EACFE61C}.Release|Any CPU.Build.0 = Release|Any CPU
	EndGlobalSection
	GlobalSection(SolutionProperties) = preSolution
		HideSolutionNode = FALSE
	EndGlobalSection
	GlobalSection(ExtensibilityGlobals) = postSolution
		SolutionGuid = {BE8D0E72-DAAE-4F90-B140-924DF6527047}
	EndGlobalSection
EndGlobal
